{
    "_meta": {
        "hash": {
            "sha256": "13254145fbf26aefc649eea4a51370e664b273481d3426ad5ded082fcdebd06f"
        },
        "pipfile-spec": 6,
        "requires": {
            "python_version": "3.7"
        },
        "sources": [
            {
                "name": "pypi",
                "url": "https://pypi.org/simple",
                "verify_ssl": true
            }
        ]
    },
    "default": {
        "colorama": {
            "hashes": [
                "sha256:463f8483208e921368c9f306094eb6f725c6ca42b0f97e313cb5d5512459feda",
                "sha256:48eb22f4f8461b1df5734a074b57042430fb06e1d61bd1e11b078c0fe6d7a1f1"
            ],
            "version": "==0.3.9"
        },
        "cursor": {
            "hashes": [
                "sha256:8ee9fe5b925e1001f6ae6c017e93682583d2b4d1ef7130a26cfcdf1651c0032c"
            ],
            "version": "==1.2.0"
        },
        "django": {
            "hashes": [
                "sha256:0c5b65847d00845ee404bbc0b4a85686f15eb3001ffddda3db4e9baa265bf136",
                "sha256:68aeea369a8130259354b6ba1fa9babe0c5ee6bced505dea4afcd00f765ae38b"
            ],
            "index": "pypi",
            "version": "==2.0.8"
        },
        "django-extensions": {
            "hashes": [
                "sha256:6fcedb2ea660c9dbf9ac59441721ffdd4ab5b753fbd6159c3e28f391a65bab46",
                "sha256:a607459e5fa8c579a672131b63366fa52fab80adb2a862d362f5fb48cd2d2cac"
            ],
            "index": "pypi",
            "version": "==2.1.5"
        },
        "django-tinymce": {
            "hashes": [
                "sha256:5a6e21406daafab22124be5c447abdfe78937307420daae0b997d2be0f08c58b",
                "sha256:bb7311a2ce705a0b95f4ae8fab4f17445982719b557f4e935d68dae514f7df0a"
            ],
            "index": "pypi",
            "version": "==2.8.0"
        },
        "django-user-agents": {
            "hashes": [
                "sha256:72b1d8f10eebf88c6c04548668ca06c3d4392b1de79dd2a5cf3da7bc5f3027b6",
                "sha256:c5d3d827ea86ed0971b7e344bf8f97ce46a41ccb3ab479c1aef12930bf6ac058"
            ],
            "index": "pypi",
            "version": "==0.3.2"
        },
        "enum34": {
            "hashes": [
                "sha256:2d81cbbe0e73112bdfe6ef8576f2238f2ba27dd0d55752a776c41d38b7da2850",
                "sha256:644837f692e5f550741432dd3f223bbb9852018674981b1664e5dc339387588a",
                "sha256:6bd0f6ad48ec2aa117d3d141940d484deccda84d4fcd884f5c3d93c23ecd8c79",
                "sha256:8ad8c4783bf61ded74527bffb48ed9b54166685e4230386a9ed9b1279e2df5b1"
            ],
            "version": "==1.1.6"
        },
        "halo": {
            "hashes": [
                "sha256:3e5b9fa098cfe331bc324674b44b6b03af181ef9518c092e6405a4eda6f9d59d",
                "sha256:a74d3f69b79d643bafd459527e569cb710a12de97b14f3f4a6edf8fae70888b7"
            ],
            "index": "pypi",
            "version": "==0.0.23"
        },
        "log-symbols": {
            "hashes": [
                "sha256:722cb7570c1a15ba4981cdaf8ca391ed686967c7de64ec5ed7b1376f0a51821e"
            ],
            "version": "==0.0.12"
        },
        "python-memcached": {
            "hashes": [
                "sha256:4dac64916871bd3550263323fc2ce18e1e439080a2d5670c594cf3118d99b594",
                "sha256:a2e28637be13ee0bf1a8b6843e7490f9456fd3f2a4cb60471733c7b5d5557e4f"
            ],
            "index": "pypi",
            "version": "==1.59"
        },
        "pytz": {
            "hashes": [
                "sha256:32b0891edff07e28efe91284ed9c31e123d84bea3fd98e1f72be2508f43ef8d9",
                "sha256:d5f05e487007e29e03409f9398d074e158d920d36eb82eaf66fb1136b0c5374c"
            ],
            "version": "==2018.9"
        },
        "pyyaml": {
            "hashes": [
                "sha256:3d7da3009c0f3e783b2c873687652d83b1bbfd5c88e9813fb7e5b03c0dd3108b",
                "sha256:3ef3092145e9b70e3ddd2c7ad59bdd0252a94dfe3949721633e41344de00a6bf",
                "sha256:40c71b8e076d0550b2e6380bada1f1cd1017b882f7e16f09a65be98e017f211a",
                "sha256:558dd60b890ba8fd982e05941927a3911dc409a63dcb8b634feaa0cda69330d3",
                "sha256:a7c28b45d9f99102fa092bb213aa12e0aaf9a6a1f5e395d36166639c1f96c3a1",
                "sha256:aa7dd4a6a427aed7df6fb7f08a580d68d9b118d90310374716ae90b710280af1",
                "sha256:bc558586e6045763782014934bfaf39d48b8ae85a2713117d16c39864085c613",
                "sha256:d46d7982b62e0729ad0175a9bc7e10a566fc07b224d2c79fafb5e032727eaa04",
                "sha256:d5eef459e30b09f5a098b9cea68bebfeb268697f78d647bd255a085371ac7f3f",
                "sha256:e01d3203230e1786cd91ccfdc8f8454c8069c91bee3962ad93b87a4b2860f537",
                "sha256:e170a9e6fcfd19021dd29845af83bb79236068bf5fd4df3327c1be18182b2531"
            ],
            "index": "pypi",
            "version": "==3.13"
        },
        "six": {
            "hashes": [
                "sha256:70e8a77beed4562e7f14fe23a786b54f6296e34344c23bc42f07b15018ff98e9",
                "sha256:832dc0e10feb1aa2c68dcc57dbb658f1c7e65b9b61af69048abc87a2db00a0eb"
            ],
            "version": "==1.11.0"
        },
        "spinners": {
            "hashes": [
                "sha256:f396fea1ee00c0622988d7d2bf2895d26dd6f70850ca2ce94eaca52ca4873560"
            ],
            "version": "==0.0.23"
        },
        "termcolor": {
            "hashes": [
                "sha256:1d6d69ce66211143803fbc56652b41d73b4a400a2891d7bf7a1cdf4c02de613b"
            ],
            "version": "==1.1.0"
        },
        "ua-parser": {
            "hashes": [
                "sha256:3908c19ea0abdcdfe7245366dc03e5b4a8901ec17105bd66ba2ccbe3948dce8a",
                "sha256:97bbcfc9321a3151d96bb5d62e54270247b0e3be0590a6f2ff12329851718dcb"
            ],
            "index": "pypi",
            "version": "==0.8.0"
        },
        "user-agents": {
            "hashes": [
                "sha256:0ce5b1b44c8d11b9f3d6152ef9c8a2109409273ef8de600d577f549a3a3cbc6c",
                "sha256:643d16772280052b546d956971d719989ef6dc9b17d9ff0386aa21391a038039"
            ],
            "index": "pypi",
            "version": "==1.1.0"
        }
    },
    "develop": {}
}
